// !$*UTF8*$!
{
	archiveVersion = 1;
	classes = {
	};
	objectVersion = 46;
	objects = {

/* Begin PBXBuildFile section */
		323711961B42BDA20001BC69 /* main.m in Sources */ = {isa = PBXBuildFile; fileRef = 323711951B42BDA20001BC69 /* main.m */; };
		323711991B42BDA20001BC69 /* AppDelegate.m in Sources */ = {isa = PBXBuildFile; fileRef = 323711981B42BDA20001BC69 /* AppDelegate.m */; };
		3237119F1B42BDA20001BC69 /* Main.storyboard in Resources */ = {isa = PBXBuildFile; fileRef = 3237119D1B42BDA20001BC69 /* Main.storyboard */; };
		323711A11B42BDA20001BC69 /* Images.xcassets in Resources */ = {isa = PBXBuildFile; fileRef = 323711A01B42BDA20001BC69 /* Images.xcassets */; };
		323711A41B42BDA20001BC69 /* LaunchScreen.xib in Resources */ = {isa = PBXBuildFile; fileRef = 323711A21B42BDA20001BC69 /* LaunchScreen.xib */; };
		323711B01B42BDA20001BC69 /* SimpleVideoPlayerTests.m in Sources */ = {isa = PBXBuildFile; fileRef = 323711AF1B42BDA20001BC69 /* SimpleVideoPlayerTests.m */; };
		323711BF1B42BEC70001BC69 /* MainViewController.m in Sources */ = {isa = PBXBuildFile; fileRef = 323711BE1B42BEC70001BC69 /* MainViewController.m */; };
		323711C11B43801F0001BC69 /* MobileVLCKit.framework in Frameworks */ = {isa = PBXBuildFile; fileRef = 323711C01B43801F0001BC69 /* MobileVLCKit.framework */; };
		323711C31B4382C00001BC69 /* AudioToolbox.framework in Frameworks */ = {isa = PBXBuildFile; fileRef = 323711C21B4382C00001BC69 /* AudioToolbox.framework */; };
		323711C71B43838E0001BC69 /* CoreAudio.framework in Frameworks */ = {isa = PBXBuildFile; fileRef = 323711C61B43838E0001BC69 /* CoreAudio.framework */; };
		323711CB1B4383B60001BC69 /* libiconv.dylib in Frameworks */ = {isa = PBXBuildFile; fileRef = 323711CA1B4383B60001BC69 /* libiconv.dylib */; };
		323711CD1B4383D00001BC69 /* libbz2.dylib in Frameworks */ = {isa = PBXBuildFile; fileRef = 323711CC1B4383D00001BC69 /* libbz2.dylib */; };
		323711CF1B438C820001BC69 /* libstdc++.6.0.9.dylib in Frameworks */ = {isa = PBXBuildFile; fileRef = 323711CE1B438C820001BC69 /* libstdc++.6.0.9.dylib */; };
		323711D21B43965E0001BC69 /* VideoPlayerViewController.m in Sources */ = {isa = PBXBuildFile; fileRef = 323711D11B43965E0001BC69 /* VideoPlayerViewController.m */; };
		323711D71B43F4850001BC69 /* big_buck_bunny.mp4 in Resources */ = {isa = PBXBuildFile; fileRef = 323711D51B43F4850001BC69 /* big_buck_bunny.mp4 */; };
		323711D81B43F4850001BC69 /* elephants_dream.mp4 in Resources */ = {isa = PBXBuildFile; fileRef = 323711D61B43F4850001BC69 /* elephants_dream.mp4 */; };
		323711DC1B4419CC0001BC69 /* button-pause.png in Resources */ = {isa = PBXBuildFile; fileRef = 323711DA1B4419CC0001BC69 /* button-pause.png */; };
		323711DD1B4419CC0001BC69 /* button-play.png in Resources */ = {isa = PBXBuildFile; fileRef = 323711DB1B4419CC0001BC69 /* button-play.png */; };
		323711E01B441D980001BC69 /* speaker-off.png in Resources */ = {isa = PBXBuildFile; fileRef = 323711DE1B441D980001BC69 /* speaker-off.png */; };
		323711E11B441D980001BC69 /* speaker-on.png in Resources */ = {isa = PBXBuildFile; fileRef = 323711DF1B441D980001BC69 /* speaker-on.png */; };
		328292A21B42F02D008A09DF /* BrowseVideosViewController.m in Sources */ = {isa = PBXBuildFile; fileRef = 328292A11B42F02D008A09DF /* BrowseVideosViewController.m */; };
		328292A51B42F6F1008A09DF /* NavController.m in Sources */ = {isa = PBXBuildFile; fileRef = 328292A41B42F6F1008A09DF /* NavController.m */; };
		328292A71B42FDE4008A09DF /* AssetsLibrary.framework in Frameworks */ = {isa = PBXBuildFile; fileRef = 328292A61B42FDE3008A09DF /* AssetsLibrary.framework */; };
		32FD2A091B4445F3004CACAB /* AVFoundation.framework in Frameworks */ = {isa = PBXBuildFile; fileRef = 32FD2A081B4445F3004CACAB /* AVFoundation.framework */; };
		32FD2A0B1B4467E5004CACAB /* splash.png in Resources */ = {isa = PBXBuildFile; fileRef = 32FD2A0A1B4467E5004CACAB /* splash.png */; };
/* End PBXBuildFile section */

/* Begin PBXContainerItemProxy section */
		323711AA1B42BDA20001BC69 /* PBXContainerItemProxy */ = {
			isa = PBXContainerItemProxy;
			containerPortal = 323711881B42BDA20001BC69 /* Project object */;
			proxyType = 1;
			remoteGlobalIDString = 3237118F1B42BDA20001BC69;
			remoteInfo = SimpleVideoPlayer;
		};
/* End PBXContainerItemProxy section */

/* Begin PBXFileReference section */
		323711901B42BDA20001BC69 /* SimpleVideoPlayer.app */ = {isa = PBXFileReference; explicitFileType = wrapper.application; includeInIndex = 0; path = SimpleVideoPlayer.app; sourceTree = BUILT_PRODUCTS_DIR; };
		323711941B42BDA20001BC69 /* Info.plist */ = {isa = PBXFileReference; lastKnownFileType = text.plist.xml; path = Info.plist; sourceTree = "<group>"; };
		323711951B42BDA20001BC69 /* main.m */ = {isa = PBXFileReference; lastKnownFileType = sourcecode.c.objc; path = main.m; sourceTree = "<group>"; };
		323711971B42BDA20001BC69 /* AppDelegate.h */ = {isa = PBXFileReference; lastKnownFileType = sourcecode.c.h; path = AppDelegate.h; sourceTree = "<group>"; };
		323711981B42BDA20001BC69 /* AppDelegate.m */ = {isa = PBXFileReference; lastKnownFileType = sourcecode.c.objc; path = AppDelegate.m; sourceTree = "<group>"; };
		3237119E1B42BDA20001BC69 /* Base */ = {isa = PBXFileReference; lastKnownFileType = file.storyboard; name = Base; path = Base.lproj/Main.storyboard; sourceTree = "<group>"; };
		323711A01B42BDA20001BC69 /* Images.xcassets */ = {isa = PBXFileReference; lastKnownFileType = folder.assetcatalog; path = Images.xcassets; sourceTree = "<group>"; };
		323711A31B42BDA20001BC69 /* Base */ = {isa = PBXFileReference; lastKnownFileType = file.xib; name = Base; path = Base.lproj/LaunchScreen.xib; sourceTree = "<group>"; };
		323711A91B42BDA20001BC69 /* SimpleVideoPlayerTests.xctest */ = {isa = PBXFileReference; explicitFileType = wrapper.cfbundle; includeInIndex = 0; path = SimpleVideoPlayerTests.xctest; sourceTree = BUILT_PRODUCTS_DIR; };
		323711AE1B42BDA20001BC69 /* Info.plist */ = {isa = PBXFileReference; lastKnownFileType = text.plist.xml; path = Info.plist; sourceTree = "<group>"; };
		323711AF1B42BDA20001BC69 /* SimpleVideoPlayerTests.m */ = {isa = PBXFileReference; lastKnownFileType = sourcecode.c.objc; path = SimpleVideoPlayerTests.m; sourceTree = "<group>"; };
		323711BD1B42BEC70001BC69 /* MainViewController.h */ = {isa = PBXFileReference; fileEncoding = 4; lastKnownFileType = sourcecode.c.h; path = MainViewController.h; sourceTree = "<group>"; };
		323711BE1B42BEC70001BC69 /* MainViewController.m */ = {isa = PBXFileReference; fileEncoding = 4; lastKnownFileType = sourcecode.c.objc; path = MainViewController.m; sourceTree = "<group>"; };
		323711C01B43801F0001BC69 /* MobileVLCKit.framework */ = {isa = PBXFileReference; lastKnownFileType = wrapper.framework; name = MobileVLCKit.framework; path = ../../../../_RESOURCES/iOS/Libraries/MobileVLCKit/MobileVLCKit.framework; sourceTree = "<group>"; };
		323711C21B4382C00001BC69 /* AudioToolbox.framework */ = {isa = PBXFileReference; lastKnownFileType = wrapper.framework; name = AudioToolbox.framework; path = System/Library/Frameworks/AudioToolbox.framework; sourceTree = SDKROOT; };
		323711C41B4382C70001BC69 /* AudioUnit.framework */ = {isa = PBXFileReference; lastKnownFileType = wrapper.framework; name = AudioUnit.framework; path = System/Library/Frameworks/AudioUnit.framework; sourceTree = SDKROOT; };
		323711C61B43838E0001BC69 /* CoreAudio.framework */ = {isa = PBXFileReference; lastKnownFileType = wrapper.framework; name = CoreAudio.framework; path = System/Library/Frameworks/CoreAudio.framework; sourceTree = SDKROOT; };
		323711CA1B4383B60001BC69 /* libiconv.dylib */ = {isa = PBXFileReference; lastKnownFileType = "compiled.mach-o.dylib"; name = libiconv.dylib; path = usr/lib/libiconv.dylib; sourceTree = SDKROOT; };
		323711CC1B4383D00001BC69 /* libbz2.dylib */ = {isa = PBXFileReference; lastKnownFileType = "compiled.mach-o.dylib"; name = libbz2.dylib; path = usr/lib/libbz2.dylib; sourceTree = SDKROOT; };
		323711CE1B438C820001BC69 /* libstdc++.6.0.9.dylib */ = {isa = PBXFileReference; lastKnownFileType = "compiled.mach-o.dylib"; name = "libstdc++.6.0.9.dylib"; path = "usr/lib/libstdc++.6.0.9.dylib"; sourceTree = SDKROOT; };
		323711D01B43965E0001BC69 /* VideoPlayerViewController.h */ = {isa = PBXFileReference; fileEncoding = 4; lastKnownFileType = sourcecode.c.h; path = VideoPlayerViewController.h; sourceTree = "<group>"; };
		323711D11B43965E0001BC69 /* VideoPlayerViewController.m */ = {isa = PBXFileReference; fileEncoding = 4; lastKnownFileType = sourcecode.c.objc; path = VideoPlayerViewController.m; sourceTree = "<group>"; };
		323711D51B43F4850001BC69 /* big_buck_bunny.mp4 */ = {isa = PBXFileReference; lastKnownFileType = file; path = big_buck_bunny.mp4; sourceTree = "<group>"; };
		323711D61B43F4850001BC69 /* elephants_dream.mp4 */ = {isa = PBXFileReference; lastKnownFileType = file; path = elephants_dream.mp4; sourceTree = "<group>"; };
		323711DA1B4419CC0001BC69 /* button-pause.png */ = {isa = PBXFileReference; lastKnownFileType = image.png; path = "button-pause.png"; sourceTree = "<group>"; };
		323711DB1B4419CC0001BC69 /* button-play.png */ = {isa = PBXFileReference; lastKnownFileType = image.png; path = "button-play.png"; sourceTree = "<group>"; };
		323711DE1B441D980001BC69 /* speaker-off.png */ = {isa = PBXFileReference; lastKnownFileType = image.png; path = "speaker-off.png"; sourceTree = "<group>"; };
		323711DF1B441D980001BC69 /* speaker-on.png */ = {isa = PBXFileReference; lastKnownFileType = image.png; path = "speaker-on.png"; sourceTree = "<group>"; };
		328292A01B42F02D008A09DF /* BrowseVideosViewController.h */ = {isa = PBXFileReference; fileEncoding = 4; lastKnownFileType = sourcecode.c.h; path = BrowseVideosViewController.h; sourceTree = "<group>"; };
		328292A11B42F02D008A09DF /* BrowseVideosViewController.m */ = {isa = PBXFileReference; fileEncoding = 4; lastKnownFileType = sourcecode.c.objc; path = BrowseVideosViewController.m; sourceTree = "<group>"; };
		328292A31B42F6F1008A09DF /* NavController.h */ = {isa = PBXFileReference; fileEncoding = 4; lastKnownFileType = sourcecode.c.h; path = NavController.h; sourceTree = "<group>"; };
		328292A41B42F6F1008A09DF /* NavController.m */ = {isa = PBXFileReference; fileEncoding = 4; lastKnownFileType = sourcecode.c.objc; path = NavController.m; sourceTree = "<group>"; };
		328292A61B42FDE3008A09DF /* AssetsLibrary.framework */ = {isa = PBXFileReference; lastKnownFileType = wrapper.framework; name = AssetsLibrary.framework; path = System/Library/Frameworks/AssetsLibrary.framework; sourceTree = SDKROOT; };
		32FD2A081B4445F3004CACAB /* AVFoundation.framework */ = {isa = PBXFileReference; lastKnownFileType = wrapper.framework; name = AVFoundation.framework; path = System/Library/Frameworks/AVFoundation.framework; sourceTree = SDKROOT; };
		32FD2A0A1B4467E5004CACAB /* splash.png */ = {isa = PBXFileReference; lastKnownFileType = image.png; path = splash.png; sourceTree = "<group>"; };
/* End PBXFileReference section */

/* Begin PBXFrameworksBuildPhase section */
		3237118D1B42BDA20001BC69 /* Frameworks */ = {
			isa = PBXFrameworksBuildPhase;
			buildActionMask = 2147483647;
			files = (
				32FD2A091B4445F3004CACAB /* AVFoundation.framework in Frameworks */,
				323711CF1B438C820001BC69 /* libstdc++.6.0.9.dylib in Frameworks */,
				323711CD1B4383D00001BC69 /* libbz2.dylib in Frameworks */,
				323711CB1B4383B60001BC69 /* libiconv.dylib in Frameworks */,
				323711C71B43838E0001BC69 /* CoreAudio.framework in Frameworks */,
				323711C31B4382C00001BC69 /* AudioToolbox.framework in Frameworks */,
				328292A71B42FDE4008A09DF /* AssetsLibrary.framework in Frameworks */,
				323711C11B43801F0001BC69 /* MobileVLCKit.framework in Frameworks */,
			);
			runOnlyForDeploymentPostprocessing = 0;
		};
		323711A61B42BDA20001BC69 /* Frameworks */ = {
			isa = PBXFrameworksBuildPhase;
			buildActionMask = 2147483647;
			files = (
			);
			runOnlyForDeploymentPostprocessing = 0;
		};
/* End PBXFrameworksBuildPhase section */

/* Begin PBXGroup section */
		323711871B42BDA20001BC69 = {
			isa = PBXGroup;
			children = (
				323711921B42BDA20001BC69 /* SimpleVideoPlayer */,
				323711AC1B42BDA20001BC69 /* SimpleVideoPlayerTests */,
				323711911B42BDA20001BC69 /* Products */,
			);
			sourceTree = "<group>";
		};
		323711911B42BDA20001BC69 /* Products */ = {
			isa = PBXGroup;
			children = (
				323711901B42BDA20001BC69 /* SimpleVideoPlayer.app */,
				323711A91B42BDA20001BC69 /* SimpleVideoPlayerTests.xctest */,
			);
			name = Products;
			sourceTree = "<group>";
		};
		323711921B42BDA20001BC69 /* SimpleVideoPlayer */ = {
			isa = PBXGroup;
			children = (
				323711D31B43F4850001BC69 /* assets */,
				323711BC1B42BE440001BC69 /* Frameworks */,
				323711971B42BDA20001BC69 /* AppDelegate.h */,
				323711981B42BDA20001BC69 /* AppDelegate.m */,
				3237119D1B42BDA20001BC69 /* Main.storyboard */,
				323711A01B42BDA20001BC69 /* Images.xcassets */,
				323711A21B42BDA20001BC69 /* LaunchScreen.xib */,
				323711BD1B42BEC70001BC69 /* MainViewController.h */,
				323711BE1B42BEC70001BC69 /* MainViewController.m */,
				328292A31B42F6F1008A09DF /* NavController.h */,
				328292A41B42F6F1008A09DF /* NavController.m */,
				328292A01B42F02D008A09DF /* BrowseVideosViewController.h */,
				328292A11B42F02D008A09DF /* BrowseVideosViewController.m */,
				323711D01B43965E0001BC69 /* VideoPlayerViewController.h */,
				323711D11B43965E0001BC69 /* VideoPlayerViewController.m */,
				323711931B42BDA20001BC69 /* Supporting Files */,
			);
			path = SimpleVideoPlayer;
			sourceTree = "<group>";
		};
		323711931B42BDA20001BC69 /* Supporting Files */ = {
			isa = PBXGroup;
			children = (
				323711941B42BDA20001BC69 /* Info.plist */,
				323711951B42BDA20001BC69 /* main.m */,
			);
			name = "Supporting Files";
			sourceTree = "<group>";
		};
		323711AC1B42BDA20001BC69 /* SimpleVideoPlayerTests */ = {
			isa = PBXGroup;
			children = (
				323711AF1B42BDA20001BC69 /* SimpleVideoPlayerTests.m */,
				323711AD1B42BDA20001BC69 /* Supporting Files */,
			);
			path = SimpleVideoPlayerTests;
			sourceTree = "<group>";
		};
		323711AD1B42BDA20001BC69 /* Supporting Files */ = {
			isa = PBXGroup;
			children = (
				323711AE1B42BDA20001BC69 /* Info.plist */,
			);
			name = "Supporting Files";
			sourceTree = "<group>";
		};
		323711BC1B42BE440001BC69 /* Frameworks */ = {
			isa = PBXGroup;
			children = (
				32FD2A081B4445F3004CACAB /* AVFoundation.framework */,
				323711CE1B438C820001BC69 /* libstdc++.6.0.9.dylib */,
				323711CC1B4383D00001BC69 /* libbz2.dylib */,
				323711CA1B4383B60001BC69 /* libiconv.dylib */,
				323711C61B43838E0001BC69 /* CoreAudio.framework */,
				323711C41B4382C70001BC69 /* AudioUnit.framework */,
				323711C21B4382C00001BC69 /* AudioToolbox.framework */,
				323711C01B43801F0001BC69 /* MobileVLCKit.framework */,
				328292A61B42FDE3008A09DF /* AssetsLibrary.framework */,
			);
			name = Frameworks;
			sourceTree = "<group>";
		};
		323711D31B43F4850001BC69 /* assets */ = {
			isa = PBXGroup;
			children = (
				32FD2A0A1B4467E5004CACAB /* splash.png */,
				323711D91B4419CC0001BC69 /* icons */,
				323711D41B43F4850001BC69 /* videos */,
			);
			path = assets;
			sourceTree = "<group>";
		};
		323711D41B43F4850001BC69 /* videos */ = {
			isa = PBXGroup;
			children = (
				323711D51B43F4850001BC69 /* big_buck_bunny.mp4 */,
				323711D61B43F4850001BC69 /* elephants_dream.mp4 */,
			);
			path = videos;
			sourceTree = "<group>";
		};
		323711D91B4419CC0001BC69 /* icons */ = {
			isa = PBXGroup;
			children = (
				323711DE1B441D980001BC69 /* speaker-off.png */,
				323711DF1B441D980001BC69 /* speaker-on.png */,
				323711DA1B4419CC0001BC69 /* button-pause.png */,
				323711DB1B4419CC0001BC69 /* button-play.png */,
			);
			path = icons;
			sourceTree = "<group>";
		};
/* End PBXGroup section */

/* Begin PBXNativeTarget section */
		3237118F1B42BDA20001BC69 /* SimpleVideoPlayer */ = {
			isa = PBXNativeTarget;
			buildConfigurationList = 323711B31B42BDA20001BC69 /* Build configuration list for PBXNativeTarget "SimpleVideoPlayer" */;
			buildPhases = (
				3237118C1B42BDA20001BC69 /* Sources */,
				3237118D1B42BDA20001BC69 /* Frameworks */,
				3237118E1B42BDA20001BC69 /* Resources */,
			);
			buildRules = (
			);
			dependencies = (
			);
			name = SimpleVideoPlayer;
			productName = SimpleVideoPlayer;
			productReference = 323711901B42BDA20001BC69 /* SimpleVideoPlayer.app */;
			productType = "com.apple.product-type.application";
		};
		323711A81B42BDA20001BC69 /* SimpleVideoPlayerTests */ = {
			isa = PBXNativeTarget;
			buildConfigurationList = 323711B61B42BDA20001BC69 /* Build configuration list for PBXNativeTarget "SimpleVideoPlayerTests" */;
			buildPhases = (
				323711A51B42BDA20001BC69 /* Sources */,
				323711A61B42BDA20001BC69 /* Frameworks */,
				323711A71B42BDA20001BC69 /* Resources */,
			);
			buildRules = (
			);
			dependencies = (
				323711AB1B42BDA20001BC69 /* PBXTargetDependency */,
			);
			name = SimpleVideoPlayerTests;
			productName = SimpleVideoPlayerTests;
			productReference = 323711A91B42BDA20001BC69 /* SimpleVideoPlayerTests.xctest */;
			productType = "com.apple.product-type.bundle.unit-test";
		};
/* End PBXNativeTarget section */

/* Begin PBXProject section */
		323711881B42BDA20001BC69 /* Project object */ = {
			isa = PBXProject;
			attributes = {
				LastUpgradeCheck = 0630;
				ORGANIZATIONNAME = EdgeJay;
				TargetAttributes = {
					3237118F1B42BDA20001BC69 = {
						CreatedOnToolsVersion = 6.3.2;
						DevelopmentTeam = 6S4336TAM2;
					};
					323711A81B42BDA20001BC69 = {
						CreatedOnToolsVersion = 6.3.2;
						TestTargetID = 3237118F1B42BDA20001BC69;
					};
				};
			};
			buildConfigurationList = 3237118B1B42BDA20001BC69 /* Build configuration list for PBXProject "SimpleVideoPlayer" */;
			compatibilityVersion = "Xcode 3.2";
			developmentRegion = English;
			hasScannedForEncodings = 0;
			knownRegions = (
				en,
				Base,
			);
			mainGroup = 323711871B42BDA20001BC69;
			productRefGroup = 323711911B42BDA20001BC69 /* Products */;
			projectDirPath = "";
			projectRoot = "";
			targets = (
				3237118F1B42BDA20001BC69 /* SimpleVideoPlayer */,
				323711A81B42BDA20001BC69 /* SimpleVideoPlayerTests */,
			);
		};
/* End PBXProject section */

/* Begin PBXResourcesBuildPhase section */
		3237118E1B42BDA20001BC69 /* Resources */ = {
			isa = PBXResourcesBuildPhase;
			buildActionMask = 2147483647;
			files = (
				323711DD1B4419CC0001BC69 /* button-play.png in Resources */,
				323711E11B441D980001BC69 /* speaker-on.png in Resources */,
				3237119F1B42BDA20001BC69 /* Main.storyboard in Resources */,
				323711A41B42BDA20001BC69 /* LaunchScreen.xib in Resources */,
				32FD2A0B1B4467E5004CACAB /* splash.png in Resources */,
				323711DC1B4419CC0001BC69 /* button-pause.png in Resources */,
				323711D81B43F4850001BC69 /* elephants_dream.mp4 in Resources */,
				323711E01B441D980001BC69 /* speaker-off.png in Resources */,
				323711D71B43F4850001BC69 /* big_buck_bunny.mp4 in Resources */,
				323711A11B42BDA20001BC69 /* Images.xcassets in Resources */,
			);
			runOnlyForDeploymentPostprocessing = 0;
		};
		323711A71B42BDA20001BC69 /* Resources */ = {
			isa = PBXResourcesBuildPhase;
			buildActionMask = 2147483647;
			files = (
			);
			runOnlyForDeploymentPostprocessing = 0;
		};
/* End PBXResourcesBuildPhase section */

/* Begin PBXSourcesBuildPhase section */
		3237118C1B42BDA20001BC69 /* Sources */ = {
			isa = PBXSourcesBuildPhase;
			buildActionMask = 2147483647;
			files = (
				323711991B42BDA20001BC69 /* AppDelegate.m in Sources */,
				323711BF1B42BEC70001BC69 /* MainViewController.m in Sources */,
				328292A51B42F6F1008A09DF /* NavController.m in Sources */,
				323711D21B43965E0001BC69 /* VideoPlayerViewController.m in Sources */,
				328292A21B42F02D008A09DF /* BrowseVideosViewController.m in Sources */,
				323711961B42BDA20001BC69 /* main.m in Sources */,
			);
			runOnlyForDeploymentPostprocessing = 0;
		};
		323711A51B42BDA20001BC69 /* Sources */ = {
			isa = PBXSourcesBuildPhase;
			buildActionMask = 2147483647;
			files = (
				323711B01B42BDA20001BC69 /* SimpleVideoPlayerTests.m in Sources */,
			);
			runOnlyForDeploymentPostprocessing = 0;
		};
/* End PBXSourcesBuildPhase section */

/* Begin PBXTargetDependency section */
		323711AB1B42BDA20001BC69 /* PBXTargetDependency */ = {
			isa = PBXTargetDependency;
			target = 3237118F1B42BDA20001BC69 /* SimpleVideoPlayer */;
			targetProxy = 323711AA1B42BDA20001BC69 /* PBXContainerItemProxy */;
		};
/* End PBXTargetDependency section */

/* Begin PBXVariantGroup section */
		3237119D1B42BDA20001BC69 /* Main.storyboard */ = {
			isa = PBXVariantGroup;
			children = (
				3237119E1B42BDA20001BC69 /* Base */,
			);
			name = Main.storyboard;
			sourceTree = "<group>";
		};
		323711A21B42BDA20001BC69 /* LaunchScreen.xib */ = {
			isa = PBXVariantGroup;
			children = (
				323711A31B42BDA20001BC69 /* Base */,
			);
			name = LaunchScreen.xib;
			sourceTree = "<group>";
		};
/* End PBXVariantGroup section */

/* Begin XCBuildConfiguration section */
		323711B11B42BDA20001BC69 /* Debug */ = {
			isa = XCBuildConfiguration;
			buildSettings = {
				ALWAYS_SEARCH_USER_PATHS = NO;
				CLANG_CXX_LANGUAGE_STANDARD = "gnu++0x";
				CLANG_CXX_LIBRARY = "libc++";
				CLANG_ENABLE_MODULES = YES;
				CLANG_ENABLE_OBJC_ARC = YES;
				CLANG_WARN_BOOL_CONVERSION = YES;
				CLANG_WARN_CONSTANT_CONVERSION = YES;
				CLANG_WARN_DIRECT_OBJC_ISA_USAGE = YES_ERROR;
				CLANG_WARN_EMPTY_BODY = YES;
				CLANG_WARN_ENUM_CONVERSION = YES;
				CLANG_WARN_INT_CONVERSION = YES;
				CLANG_WARN_OBJC_ROOT_CLASS = YES_ERROR;
				CLANG_WARN_UNREACHABLE_CODE = YES;
				CLANG_WARN__DUPLICATE_METHOD_MATCH = YES;
				"CODE_SIGN_IDENTITY[sdk=iphoneos*]" = "iPhone Developer";
				COPY_PHASE_STRIP = NO;
				DEBUG_INFORMATION_FORMAT = "dwarf-with-dsym";
				ENABLE_STRICT_OBJC_MSGSEND = YES;
				GCC_C_LANGUAGE_STANDARD = gnu99;
				GCC_DYNAMIC_NO_PIC = NO;
				GCC_NO_COMMON_BLOCKS = YES;
				GCC_OPTIMIZATION_LEVEL = 0;
				GCC_PREPROCESSOR_DEFINITIONS = (
					"DEBUG=1",
					"$(inherited)",
				);
				GCC_SYMBOLS_PRIVATE_EXTERN = NO;
				GCC_WARN_64_TO_32_BIT_CONVERSION = YES;
				GCC_WARN_ABOUT_RETURN_TYPE = YES_ERROR;
				GCC_WARN_UNDECLARED_SELECTOR = YES;
				GCC_WARN_UNINITIALIZED_AUTOS = YES_AGGRESSIVE;
				GCC_WARN_UNUSED_FUNCTION = YES;
				GCC_WARN_UNUSED_VARIABLE = YES;
				IPHONEOS_DEPLOYMENT_TARGET = 7.1;
				MTL_ENABLE_DEBUG_INFO = YES;
				ONLY_ACTIVE_ARCH = YES;
				SDKROOT = iphoneos;
				TARGETED_DEVICE_FAMILY = "1,2";
			};
			name = Debug;
		};
		323711B21B42BDA20001BC69 /* Release */ = {
			isa = XCBuildConfiguration;
			buildSettings = {
				ALWAYS_SEARCH_USER_PATHS = NO;
				CLANG_CXX_LANGUAGE_STANDARD = "gnu++0x";
				CLANG_CXX_LIBRARY = "libc++";
				CLANG_ENABLE_MODULES = YES;
				CLANG_ENABLE_OBJC_ARC = YES;
				CLANG_WARN_BOOL_CONVERSION = YES;
				CLANG_WARN_CONSTANT_CONVERSION = YES;
				CLANG_WARN_DIRECT_OBJC_ISA_USAGE = YES_ERROR;
				CLANG_WARN_EMPTY_BODY = YES;
				CLANG_WARN_ENUM_CONVERSION = YES;
				CLANG_WARN_INT_CONVERSION = YES;
				CLANG_WARN_OBJC_ROOT_CLASS = YES_ERROR;
				CLANG_WARN_UNREACHABLE_CODE = YES;
				CLANG_WARN__DUPLICATE_METHOD_MATCH = YES;
				"CODE_SIGN_IDENTITY[sdk=iphoneos*]" = "iPhone Developer";
				COPY_PHASE_STRIP = NO;
				DEBUG_INFORMATION_FORMAT = "dwarf-with-dsym";
				ENABLE_NS_ASSERTIONS = NO;
				ENABLE_STRICT_OBJC_MSGSEND = YES;
				GCC_C_LANGUAGE_STANDARD = gnu99;
				GCC_NO_COMMON_BLOCKS = YES;
				GCC_WARN_64_TO_32_BIT_CONVERSION = YES;
				GCC_WARN_ABOUT_RETURN_TYPE = YES_ERROR;
				GCC_WARN_UNDECLARED_SELECTOR = YES;
				GCC_WARN_UNINITIALIZED_AUTOS = YES_AGGRESSIVE;
				GCC_WARN_UNUSED_FUNCTION = YES;
				GCC_WARN_UNUSED_VARIABLE = YES;
				IPHONEOS_DEPLOYMENT_TARGET = 7.1;
				MTL_ENABLE_DEBUG_INFO = NO;
				SDKROOT = iphoneos;
				TARGETED_DEVICE_FAMILY = "1,2";
				VALIDATE_PRODUCT = YES;
			};
			name = Release;
		};
		323711B41B42BDA20001BC69 /* Debug */ = {
			isa = XCBuildConfiguration;
			buildSettings = {
				ASSETCATALOG_COMPILER_APPICON_NAME = AppIcon;
				ASSETCATALOG_COMPILER_LAUNCHIMAGE_NAME = LaunchImage;
				CODE_SIGN_IDENTITY = "iPhone Developer";
				"CODE_SIGN_IDENTITY[sdk=iphoneos*]" = "iPhone Developer";
				FRAMEWORK_SEARCH_PATHS = (
					"$(inherited)",
					/Users/wuhuijie/Documents/_RESOURCES/iOS/Libraries/MobileVLCKit,
					/Users/wuhuijie/Documents/_RESOURCES/iOS/Libraries/VLCKit/build,
				);
				INFOPLIST_FILE = SimpleVideoPlayer/Info.plist;
				LD_RUNPATH_SEARCH_PATHS = "$(inherited) @executable_path/Frameworks";
				PRODUCT_NAME = "$(TARGET_NAME)";
				PROVISIONING_PROFILE = "";
			};
			name = Debug;
		};
		323711B51B42BDA20001BC69 /* Release */ = {
			isa = XCBuildConfiguration;
			buildSettings = {
				ASSETCATALOG_COMPILER_APPICON_NAME = AppIcon;
				ASSETCATALOG_COMPILER_LAUNCHIMAGE_NAME = LaunchImage;
				CODE_SIGN_IDENTITY = "iPhone Distribution: Huijie Wu (6S4336TAM2)";
				"CODE_SIGN_IDENTITY[sdk=iphoneos*]" = "iPhone Distribution: Huijie Wu (6S4336TAM2)";
				FRAMEWORK_SEARCH_PATHS = (
					"$(inherited)",
					/Users/wuhuijie/Documents/_RESOURCES/iOS/Libraries/MobileVLCKit,
					/Users/wuhuijie/Documents/_RESOURCES/iOS/Libraries/VLCKit/build,
				);
				INFOPLIST_FILE = SimpleVideoPlayer/Info.plist;
				LD_RUNPATH_SEARCH_PATHS = "$(inherited) @executable_path/Frameworks";
				PRODUCT_NAME = "$(TARGET_NAME)";
				PROVISIONING_PROFILE = "49c488d3-3e25-42cf-999f-f94fac98ba7d";
			};
			name = Release;
		};
		323711B71B42BDA20001BC69 /* Debug */ = {
			isa = XCBuildConfiguration;
			buildSettings = {
				BUNDLE_LOADER = "$(TEST_HOST)";
				FRAMEWORK_SEARCH_PATHS = (
					"$(SDKROOT)/Developer/Library/Frameworks",
					"$(inherited)",
				);
				GCC_PREPROCESSOR_DEFINITIONS = (
					"DEBUG=1",
					"$(inherited)",
				);
				INFOPLIST_FILE = SimpleVideoPlayerTests/Info.plist;
				LD_RUNPATH_SEARCH_PATHS = "$(inherited) @executable_path/Frameworks @loader_path/Frameworks";
				PRODUCT_NAME = "$(TARGET_NAME)";
				TEST_HOST = "$(BUILT_PRODUCTS_DIR)/SimpleVideoPlayer.app/SimpleVideoPlayer";
			};
			name = Debug;
		};
		323711B81B42BDA20001BC69 /* Release */ = {
			isa = XCBuildConfiguration;
			buildSettings = {
				BUNDLE_LOADER = "$(TEST_HOST)";
				FRAMEWORK_SEARCH_PATHS = (
					"$(SDKROOT)/Developer/Library/Frameworks",
					"$(inherited)",
				);
				INFOPLIST_FILE = SimpleVideoPlayerTests/Info.plist;
				LD_RUNPATH_SEARCH_PATHS = "$(inherited) @executable_path/Frameworks @loader_path/Frameworks";
				PRODUCT_NAME = "$(TARGET_NAME)";
				TEST_HOST = "$(BUILT_PRODUCTS_DIR)/SimpleVideoPlayer.app/SimpleVideoPlayer";
			};
			name = Release;
		};
/* End XCBuildConfiguration section */

/* Begin XCConfigurationList section */
		3237118B1B42BDA20001BC69 /* Build configuration list for PBXProject "SimpleVideoPlayer" */ = {
			isa = XCConfigurationList;
			buildConfigurations = (
				323711B11B42BDA20001BC69 /* Debug */,
				323711B21B42BDA20001BC69 /* Release */,
			);
			defaultConfigurationIsVisible = 0;
			defaultConfigurationName = Release;
		};
		323711B31B42BDA20001BC69 /* Build configuration list for PBXNativeTarget "SimpleVideoPlayer" */ = {
			isa = XCConfigurationList;
			buildConfigurations = (
				323711B41B42BDA20001BC69 /* Debug */,
				323711B51B42BDA20001BC69 /* Release */,
			);
			defaultConfigurationIsVisible = 0;
			defaultConfigurationName = Release;
		};
		323711B61B42BDA20001BC69 /* Build configuration list for PBXNativeTarget "SimpleVideoPlayerTests" */ = {
			isa = XCConfigurationList;
			buildConfigurations = (
				323711B71B42BDA20001BC69 /* Debug */,
				323711B81B42BDA20001BC69 /* Release */,
			);
			defaultConfigurationIsVisible = 0;
			defaultConfigurationName = Release;
		};
/* End XCConfigurationList section */
	};
	rootObject = 323711881B42BDA20001BC69 /* Project object */;
}
